using System.ComponentModel;
/*
Calculator
Plus
        Mult
        Div
        Subt
        funksiyalari olsun
        ve switch istifade ederek
        kalkulyator yazmaq lazimdir.
*/
namespace Homework
{
    internal class Calculator
    {
        static void Main(string[] args)
        {
            while (true)
            {
                double number1 = Convert.ToDouble(Console.ReadLine());
                ConsoleKeyInfo key = Console.ReadKey();
                Console.WriteLine();
                double number2 = Convert.ToDouble(Console.ReadLine());
                Console.WriteLine("--");

                switch (key.Key)
                {
                    case ConsoleKey.OemPlus:
                        Console.WriteLine(number1 + number2);
                        break;
                    case ConsoleKey.OemMinus:
                        Console.WriteLine(number1 - number2);
                        break;
                    case ConsoleKey.D8:
                        Console.WriteLine(number1 * number2);
                        break;
                    case ConsoleKey.Oem2:
                        Console.WriteLine(number1 / number2);
                        break;
                    default:
                        Console.WriteLine("Try again.");
                        break;
                }
                Console.WriteLine();
            }
        }
    }
}
